{
    "_meta": {
        "hash": {
            "sha256": "64943f46b2c760f333e3f4f72184a9e9c65d16af954a6683a45fdc9caa9033ef"
        },
        "pipfile-spec": 6,
        "requires": {
            "python_version": "3.11"
        },
        "sources": [
            {
                "name": "pypi",
                "url": "https://pypi.org/simple",
                "verify_ssl": true
            }
        ]
    },
    "default": {},
    "develop": {}
}
